{
  "name": "battle-land",
  "version": "1.0.0",
  "lockfileVersion": 3,
  "requires": true,
  "packages": {
    "": {
      "name": "battle-land",
      "version": "1.0.0",
      "license": "ISC",
      "dependencies": {
        "battle-land": "file:"
      }
    },
    "node_modules/battle-land": {
      "resolved": "",
      "link": true
    }
  }
}
